
Microsoft Visual Studio Solution File, Format Version 12.00
# Visual Studio Version 17
VisualStudioVersion = 17.5.002.0
MinimumVisualStudioVersion = 10.0.40219.1
Project("{9A19103F-16F7-4668-BE54-9A1E7A4F7556}") = "Lucktext", "Lucktext.csproj", "{D8207748-C61A-4A59-B5B1-2DD7D1164CDD}"
EndProject
Global
	GlobalSection(SolutionConfigurationPlatforms) = preSolution
		Debug|Any CPU = Debug|Any CPU
		Release|Any CPU = Release|Any CPU
	EndGlobalSection
	GlobalSection(ProjectConfigurationPlatforms) = postSolution
		{D8207748-C61A-4A59-B5B1-2DD7D1164CDD}.Debug|Any CPU.ActiveCfg = Debug|Any CPU
		{D8207748-C61A-4A59-B5B1-2DD7D1164CDD}.Debug|Any CPU.Build.0 = Debug|Any CPU
		{D8207748-C61A-4A59-B5B1-2DD7D1164CDD}.Release|Any CPU.ActiveCfg = Release|Any CPU
		{D8207748-C61A-4A59-B5B1-2DD7D1164CDD}.Release|Any CPU.Build.0 = Release|Any CPU
	EndGlobalSection
	GlobalSection(SolutionProperties) = preSolution
		HideSolutionNode = FALSE
	EndGlobalSection
	GlobalSection(ExtensibilityGlobals) = postSolution
		SolutionGuid = {94CFCA36-C31F-4E5F-A98E-FCD0140BCFBF}
	EndGlobalSection
EndGlobal
