
Microsoft Visual Studio Solution File, Format Version 12.00
# Visual Studio Version 17
VisualStudioVersion = 17.0.31903.59
MinimumVisualStudioVersion = 10.0.40219.1
Project("{FAE04EC0-301F-11D3-BF4B-00C04F79EFBC}") = "Lucktext", "Lucktext\Lucktext.csproj", "{128F98CE-193A-4AF8-9BD6-BDF563413EAE}"
EndProject
Global
	GlobalSection(SolutionConfigurationPlatforms) = preSolution
		Debug|Any CPU = Debug|Any CPU
		Release|Any CPU = Release|Any CPU
	EndGlobalSection
	GlobalSection(SolutionProperties) = preSolution
		HideSolutionNode = FALSE
	EndGlobalSection
	GlobalSection(ProjectConfigurationPlatforms) = postSolution
		{128F98CE-193A-4AF8-9BD6-BDF563413EAE}.Debug|Any CPU.ActiveCfg = Debug|Any CPU
		{128F98CE-193A-4AF8-9BD6-BDF563413EAE}.Debug|Any CPU.Build.0 = Debug|Any CPU
		{128F98CE-193A-4AF8-9BD6-BDF563413EAE}.Release|Any CPU.ActiveCfg = Release|Any CPU
		{128F98CE-193A-4AF8-9BD6-BDF563413EAE}.Release|Any CPU.Build.0 = Release|Any CPU
	EndGlobalSection
EndGlobal
